
Microsoft Visual Studio Solution File, Format Version 12.00
# Visual Studio Version 16
VisualStudioVersion = 16.0.31424.327
MinimumVisualStudioVersion = 10.0.40219.1
Project("{FAE04EC0-301F-11D3-BF4B-00C04F79EFBC}") = "ClassMethodDemo", "ClassMethodDemo\ClassMethodDemo.csproj", "{FA1867EE-EDB9-479F-B619-BBEF6B3BD5AE}"
EndProject
Global
	GlobalSection(SolutionConfigurationPlatforms) = preSolution
		Debug|Any CPU = Debug|Any CPU
		Release|Any CPU = Release|Any CPU
	EndGlobalSection
	GlobalSection(ProjectConfigurationPlatforms) = postSolution
		{FA1867EE-EDB9-479F-B619-BBEF6B3BD5AE}.Debug|Any CPU.ActiveCfg = Debug|Any CPU
		{FA1867EE-EDB9-479F-B619-BBEF6B3BD5AE}.Debug|Any CPU.Build.0 = Debug|Any CPU
		{FA1867EE-EDB9-479F-B619-BBEF6B3BD5AE}.Release|Any CPU.ActiveCfg = Release|Any CPU
		{FA1867EE-EDB9-479F-B619-BBEF6B3BD5AE}.Release|Any CPU.Build.0 = Release|Any CPU
	EndGlobalSection
	GlobalSection(SolutionProperties) = preSolution
		HideSolutionNode = FALSE
	EndGlobalSection
	GlobalSection(ExtensibilityGlobals) = postSolution
		SolutionGuid = {2C7C69C5-5593-4CEA-8D29-0994547F170E}
	EndGlobalSection
EndGlobal
